// !$*UTF8*$!
{
	archiveVersion = 1;
	classes = {
	};
	objectVersion = 50;
	objects = {

/* Begin PBXBuildFile section */
		8E7EB4712289638B00D9E1D9 /* AppDelegate.m in Sources */ = {isa = PBXBuildFile; fileRef = 8E7EB4702289638B00D9E1D9 /* AppDelegate.m */; };
		8E7EB4742289638B00D9E1D9 /* ViewController.m in Sources */ = {isa = PBXBuildFile; fileRef = 8E7EB4732289638B00D9E1D9 /* ViewController.m */; };
		8E7EB4772289638B00D9E1D9 /* Main.storyboard in Resources */ = {isa = PBXBuildFile; fileRef = 8E7EB4752289638B00D9E1D9 /* Main.storyboard */; };
		8E7EB4792289638E00D9E1D9 /* Assets.xcassets in Resources */ = {isa = PBXBuildFile; fileRef = 8E7EB4782289638E00D9E1D9 /* Assets.xcassets */; };
		8E7EB47C2289638E00D9E1D9 /* LaunchScreen.storyboard in Resources */ = {isa = PBXBuildFile; fileRef = 8E7EB47A2289638E00D9E1D9 /* LaunchScreen.storyboard */; };
		8E7EB47F2289638E00D9E1D9 /* main.m in Sources */ = {isa = PBXBuildFile; fileRef = 8E7EB47E2289638E00D9E1D9 /* main.m */; };
		8E7EB487228963D000D9E1D9 /* libHauoliTrack.a in Frameworks */ = {isa = PBXBuildFile; fileRef = 8E7EB486228963D000D9E1D9 /* libHauoliTrack.a */; };
		8E7EB4892289689400D9E1D9 /* libc++.tbd in Frameworks */ = {isa = PBXBuildFile; fileRef = 8E7EB4882289689400D9E1D9 /* libc++.tbd */; };
		8E7EB48B228968FD00D9E1D9 /* opencv2.framework in Frameworks */ = {isa = PBXBuildFile; fileRef = 8E7EB48A228968FD00D9E1D9 /* opencv2.framework */; };
/* End PBXBuildFile section */

/* Begin PBXFileReference section */
		8E7EB46C2289638B00D9E1D9 /* TrackHandSimpleIOS.app */ = {isa = PBXFileReference; explicitFileType = wrapper.application; includeInIndex = 0; path = TrackHandSimpleIOS.app; sourceTree = BUILT_PRODUCTS_DIR; };
		8E7EB46F2289638B00D9E1D9 /* AppDelegate.h */ = {isa = PBXFileReference; lastKnownFileType = sourcecode.c.h; path = AppDelegate.h; sourceTree = "<group>"; };
		8E7EB4702289638B00D9E1D9 /* AppDelegate.m */ = {isa = PBXFileReference; lastKnownFileType = sourcecode.c.objc; path = AppDelegate.m; sourceTree = "<group>"; };
		8E7EB4722289638B00D9E1D9 /* ViewController.h */ = {isa = PBXFileReference; lastKnownFileType = sourcecode.c.h; path = ViewController.h; sourceTree = "<group>"; };
		8E7EB4732289638B00D9E1D9 /* ViewController.m */ = {isa = PBXFileReference; lastKnownFileType = sourcecode.c.objc; path = ViewController.m; sourceTree = "<group>"; };
		8E7EB4762289638B00D9E1D9 /* Base */ = {isa = PBXFileReference; lastKnownFileType = file.storyboard; name = Base; path = Base.lproj/Main.storyboard; sourceTree = "<group>"; };
		8E7EB4782289638E00D9E1D9 /* Assets.xcassets */ = {isa = PBXFileReference; lastKnownFileType = folder.assetcatalog; path = Assets.xcassets; sourceTree = "<group>"; };
		8E7EB47B2289638E00D9E1D9 /* Base */ = {isa = PBXFileReference; lastKnownFileType = file.storyboard; name = Base; path = Base.lproj/LaunchScreen.storyboard; sourceTree = "<group>"; };
		8E7EB47D2289638E00D9E1D9 /* Info.plist */ = {isa = PBXFileReference; lastKnownFileType = text.plist.xml; path = Info.plist; sourceTree = "<group>"; };
		8E7EB47E2289638E00D9E1D9 /* main.m */ = {isa = PBXFileReference; lastKnownFileType = sourcecode.c.objc; path = main.m; sourceTree = "<group>"; };
		8E7EB486228963D000D9E1D9 /* libHauoliTrack.a */ = {isa = PBXFileReference; lastKnownFileType = archive.ar; name = libHauoliTrack.a; path = TrackHandSimpleIOS/libs/libHauoliTrack.a; sourceTree = "<group>"; };
		8E7EB4882289689400D9E1D9 /* libc++.tbd */ = {isa = PBXFileReference; lastKnownFileType = "sourcecode.text-based-dylib-definition"; name = "libc++.tbd"; path = "usr/lib/libc++.tbd"; sourceTree = SDKROOT; };
		8E7EB48A228968FD00D9E1D9 /* opencv2.framework */ = {isa = PBXFileReference; lastKnownFileType = wrapper.framework; path = opencv2.framework; sourceTree = "<group>"; };
/* End PBXFileReference section */

/* Begin PBXFrameworksBuildPhase section */
		8E7EB4692289638B00D9E1D9 /* Frameworks */ = {
			isa = PBXFrameworksBuildPhase;
			buildActionMask = 2147483647;
			files = (
				8E7EB48B228968FD00D9E1D9 /* opencv2.framework in Frameworks */,
				8E7EB4892289689400D9E1D9 /* libc++.tbd in Frameworks */,
				8E7EB487228963D000D9E1D9 /* libHauoliTrack.a in Frameworks */,
			);
			runOnlyForDeploymentPostprocessing = 0;
		};
/* End PBXFrameworksBuildPhase section */

/* Begin PBXGroup section */
		8E7EB4632289638B00D9E1D9 = {
			isa = PBXGroup;
			children = (
				8E7EB46E2289638B00D9E1D9 /* TrackHandSimpleIOS */,
				8E7EB46D2289638B00D9E1D9 /* Products */,
				8E7EB485228963CF00D9E1D9 /* Frameworks */,
			);
			sourceTree = "<group>";
		};
		8E7EB46D2289638B00D9E1D9 /* Products */ = {
			isa = PBXGroup;
			children = (
				8E7EB46C2289638B00D9E1D9 /* TrackHandSimpleIOS.app */,
			);
			name = Products;
			sourceTree = "<group>";
		};
		8E7EB46E2289638B00D9E1D9 /* TrackHandSimpleIOS */ = {
			isa = PBXGroup;
			children = (
				8E7EB46F2289638B00D9E1D9 /* AppDelegate.h */,
				8E7EB4702289638B00D9E1D9 /* AppDelegate.m */,
				8E7EB4722289638B00D9E1D9 /* ViewController.h */,
				8E7EB4732289638B00D9E1D9 /* ViewController.m */,
				8E7EB4752289638B00D9E1D9 /* Main.storyboard */,
				8E7EB4782289638E00D9E1D9 /* Assets.xcassets */,
				8E7EB47A2289638E00D9E1D9 /* LaunchScreen.storyboard */,
				8E7EB47D2289638E00D9E1D9 /* Info.plist */,
				8E7EB47E2289638E00D9E1D9 /* main.m */,
			);
			path = TrackHandSimpleIOS;
			sourceTree = "<group>";
		};
		8E7EB485228963CF00D9E1D9 /* Frameworks */ = {
			isa = PBXGroup;
			children = (
				8E7EB48A228968FD00D9E1D9 /* opencv2.framework */,
				8E7EB4882289689400D9E1D9 /* libc++.tbd */,
				8E7EB486228963D000D9E1D9 /* libHauoliTrack.a */,
			);
			name = Frameworks;
			sourceTree = "<group>";
		};
/* End PBXGroup section */

/* Begin PBXNativeTarget section */
		8E7EB46B2289638B00D9E1D9 /* TrackHandSimpleIOS */ = {
			isa = PBXNativeTarget;
			buildConfigurationList = 8E7EB4822289638E00D9E1D9 /* Build configuration list for PBXNativeTarget "TrackHandSimpleIOS" */;
			buildPhases = (
				8E7EB4682289638B00D9E1D9 /* Sources */,
				8E7EB4692289638B00D9E1D9 /* Frameworks */,
				8E7EB46A2289638B00D9E1D9 /* Resources */,
			);
			buildRules = (
			);
			dependencies = (
			);
			name = TrackHandSimpleIOS;
			productName = TrackHandSimpleIOS;
			productReference = 8E7EB46C2289638B00D9E1D9 /* TrackHandSimpleIOS.app */;
			productType = "com.apple.product-type.application";
		};
/* End PBXNativeTarget section */

/* Begin PBXProject section */
		8E7EB4642289638B00D9E1D9 /* Project object */ = {
			isa = PBXProject;
			attributes = {
				LastUpgradeCheck = 1020;
				ORGANIZATIONNAME = Hauoli;
				TargetAttributes = {
					8E7EB46B2289638B00D9E1D9 = {
						CreatedOnToolsVersion = 10.2.1;
					};
				};
			};
			buildConfigurationList = 8E7EB4672289638B00D9E1D9 /* Build configuration list for PBXProject "TrackHandSimpleIOS" */;
			compatibilityVersion = "Xcode 9.3";
			developmentRegion = en;
			hasScannedForEncodings = 0;
			knownRegions = (
				en,
				Base,
			);
			mainGroup = 8E7EB4632289638B00D9E1D9;
			productRefGroup = 8E7EB46D2289638B00D9E1D9 /* Products */;
			projectDirPath = "";
			projectRoot = "";
			targets = (
				8E7EB46B2289638B00D9E1D9 /* TrackHandSimpleIOS */,
			);
		};
/* End PBXProject section */

/* Begin PBXResourcesBuildPhase section */
		8E7EB46A2289638B00D9E1D9 /* Resources */ = {
			isa = PBXResourcesBuildPhase;
			buildActionMask = 2147483647;
			files = (
				8E7EB47C2289638E00D9E1D9 /* LaunchScreen.storyboard in Resources */,
				8E7EB4792289638E00D9E1D9 /* Assets.xcassets in Resources */,
				8E7EB4772289638B00D9E1D9 /* Main.storyboard in Resources */,
			);
			runOnlyForDeploymentPostprocessing = 0;
		};
/* End PBXResourcesBuildPhase section */

/* Begin PBXSourcesBuildPhase section */
		8E7EB4682289638B00D9E1D9 /* Sources */ = {
			isa = PBXSourcesBuildPhase;
			buildActionMask = 2147483647;
			files = (
				8E7EB4742289638B00D9E1D9 /* ViewController.m in Sources */,
				8E7EB47F2289638E00D9E1D9 /* main.m in Sources */,
				8E7EB4712289638B00D9E1D9 /* AppDelegate.m in Sources */,
			);
			runOnlyForDeploymentPostprocessing = 0;
		};
/* End PBXSourcesBuildPhase section */

/* Begin PBXVariantGroup section */
		8E7EB4752289638B00D9E1D9 /* Main.storyboard */ = {
			isa = PBXVariantGroup;
			children = (
				8E7EB4762289638B00D9E1D9 /* Base */,
			);
			name = Main.storyboard;
			sourceTree = "<group>";
		};
		8E7EB47A2289638E00D9E1D9 /* LaunchScreen.storyboard */ = {
			isa = PBXVariantGroup;
			children = (
				8E7EB47B2289638E00D9E1D9 /* Base */,
			);
			name = LaunchScreen.storyboard;
			sourceTree = "<group>";
		};
/* End PBXVariantGroup section */

/* Begin XCBuildConfiguration section */
		8E7EB4802289638E00D9E1D9 /* Debug */ = {
			isa = XCBuildConfiguration;
			buildSettings = {
				ALWAYS_SEARCH_USER_PATHS = NO;
				CLANG_ANALYZER_NONNULL = YES;
				CLANG_ANALYZER_NUMBER_OBJECT_CONVERSION = YES_AGGRESSIVE;
				CLANG_CXX_LANGUAGE_STANDARD = "gnu++14";
				CLANG_CXX_LIBRARY = "libc++";
				CLANG_ENABLE_MODULES = YES;
				CLANG_ENABLE_OBJC_ARC = YES;
				CLANG_ENABLE_OBJC_WEAK = YES;
				CLANG_WARN_BLOCK_CAPTURE_AUTORELEASING = YES;
				CLANG_WARN_BOOL_CONVERSION = YES;
				CLANG_WARN_COMMA = YES;
				CLANG_WARN_CONSTANT_CONVERSION = YES;
				CLANG_WARN_DEPRECATED_OBJC_IMPLEMENTATIONS = YES;
				CLANG_WARN_DIRECT_OBJC_ISA_USAGE = YES_ERROR;
				CLANG_WARN_DOCUMENTATION_COMMENTS = YES;
				CLANG_WARN_EMPTY_BODY = YES;
				CLANG_WARN_ENUM_CONVERSION = YES;
				CLANG_WARN_INFINITE_RECURSION = YES;
				CLANG_WARN_INT_CONVERSION = YES;
				CLANG_WARN_NON_LITERAL_NULL_CONVERSION = YES;
				CLANG_WARN_OBJC_IMPLICIT_RETAIN_SELF = YES;
				CLANG_WARN_OBJC_LITERAL_CONVERSION = YES;
				CLANG_WARN_OBJC_ROOT_CLASS = YES_ERROR;
				CLANG_WARN_RANGE_LOOP_ANALYSIS = YES;
				CLANG_WARN_STRICT_PROTOTYPES = YES;
				CLANG_WARN_SUSPICIOUS_MOVE = YES;
				CLANG_WARN_UNGUARDED_AVAILABILITY = YES_AGGRESSIVE;
				CLANG_WARN_UNREACHABLE_CODE = YES;
				CLANG_WARN__DUPLICATE_METHOD_MATCH = YES;
				CODE_SIGN_IDENTITY = "iPhone Developer";
				COPY_PHASE_STRIP = NO;
				DEBUG_INFORMATION_FORMAT = dwarf;
				ENABLE_STRICT_OBJC_MSGSEND = YES;
				ENABLE_TESTABILITY = YES;
				GCC_C_LANGUAGE_STANDARD = gnu11;
				GCC_DYNAMIC_NO_PIC = NO;
				GCC_NO_COMMON_BLOCKS = YES;
				GCC_OPTIMIZATION_LEVEL = 0;
				GCC_PREPROCESSOR_DEFINITIONS = (
					"DEBUG=1",
					"$(inherited)",
				);
				GCC_WARN_64_TO_32_BIT_CONVERSION = YES;
				GCC_WARN_ABOUT_RETURN_TYPE = YES_ERROR;
				GCC_WARN_UNDECLARED_SELECTOR = YES;
				GCC_WARN_UNINITIALIZED_AUTOS = YES_AGGRESSIVE;
				GCC_WARN_UNUSED_FUNCTION = YES;
				GCC_WARN_UNUSED_VARIABLE = YES;
				IPHONEOS_DEPLOYMENT_TARGET = 12.2;
				MTL_ENABLE_DEBUG_INFO = INCLUDE_SOURCE;
				MTL_FAST_MATH = YES;
				ONLY_ACTIVE_ARCH = YES;
				SDKROOT = iphoneos;
			};
			name = Debug;
		};
		8E7EB4812289638E00D9E1D9 /* Release */ = {
			isa = XCBuildConfiguration;
			buildSettings = {
				ALWAYS_SEARCH_USER_PATHS = NO;
				CLANG_ANALYZER_NONNULL = YES;
				CLANG_ANALYZER_NUMBER_OBJECT_CONVERSION = YES_AGGRESSIVE;
				CLANG_CXX_LANGUAGE_STANDARD = "gnu++14";
				CLANG_CXX_LIBRARY = "libc++";
				CLANG_ENABLE_MODULES = YES;
				CLANG_ENABLE_OBJC_ARC = YES;
				CLANG_ENABLE_OBJC_WEAK = YES;
				CLANG_WARN_BLOCK_CAPTURE_AUTORELEASING = YES;
				CLANG_WARN_BOOL_CONVERSION = YES;
				CLANG_WARN_COMMA = YES;
				CLANG_WARN_CONSTANT_CONVERSION = YES;
				CLANG_WARN_DEPRECATED_OBJC_IMPLEMENTATIONS = YES;
				CLANG_WARN_DIRECT_OBJC_ISA_USAGE = YES_ERROR;
				CLANG_WARN_DOCUMENTATION_COMMENTS = YES;
				CLANG_WARN_EMPTY_BODY = YES;
				CLANG_WARN_ENUM_CONVERSION = YES;
				CLANG_WARN_INFINITE_RECURSION = YES;
				CLANG_WARN_INT_CONVERSION = YES;
				CLANG_WARN_NON_LITERAL_NULL_CONVERSION = YES;
				CLANG_WARN_OBJC_IMPLICIT_RETAIN_SELF = YES;
				CLANG_WARN_OBJC_LITERAL_CONVERSION = YES;
				CLANG_WARN_OBJC_ROOT_CLASS = YES_ERROR;
				CLANG_WARN_RANGE_LOOP_ANALYSIS = YES;
				CLANG_WARN_STRICT_PROTOTYPES = YES;
				CLANG_WARN_SUSPICIOUS_MOVE = YES;
				CLANG_WARN_UNGUARDED_AVAILABILITY = YES_AGGRESSIVE;
				CLANG_WARN_UNREACHABLE_CODE = YES;
				CLANG_WARN__DUPLICATE_METHOD_MATCH = YES;
				CODE_SIGN_IDENTITY = "iPhone Developer";
				COPY_PHASE_STRIP = NO;
				DEBUG_INFORMATION_FORMAT = "dwarf-with-dsym";
				ENABLE_NS_ASSERTIONS = NO;
				ENABLE_STRICT_OBJC_MSGSEND = YES;
				GCC_C_LANGUAGE_STANDARD = gnu11;
				GCC_NO_COMMON_BLOCKS = YES;
				GCC_WARN_64_TO_32_BIT_CONVERSION = YES;
				GCC_WARN_ABOUT_RETURN_TYPE = YES_ERROR;
				GCC_WARN_UNDECLARED_SELECTOR = YES;
				GCC_WARN_UNINITIALIZED_AUTOS = YES_AGGRESSIVE;
				GCC_WARN_UNUSED_FUNCTION = YES;
				GCC_WARN_UNUSED_VARIABLE = YES;
				IPHONEOS_DEPLOYMENT_TARGET = 12.2;
				MTL_ENABLE_DEBUG_INFO = NO;
				MTL_FAST_MATH = YES;
				SDKROOT = iphoneos;
				VALIDATE_PRODUCT = YES;
			};
			name = Release;
		};
		8E7EB4832289638E00D9E1D9 /* Debug */ = {
			isa = XCBuildConfiguration;
			buildSettings = {
				ASSETCATALOG_COMPILER_APPICON_NAME = AppIcon;
				CODE_SIGN_STYLE = Automatic;
				DEVELOPMENT_TEAM = RKHM6TRTWZ;
				ENABLE_BITCODE = NO;
				FRAMEWORK_SEARCH_PATHS = (
					"$(inherited)",
					"$(PROJECT_DIR)",
				);
				HEADER_SEARCH_PATHS = "$(PROJECT_DIR)/TrackHandSimpleIOS/libs";
				INFOPLIST_FILE = TrackHandSimpleIOS/Info.plist;
				LD_RUNPATH_SEARCH_PATHS = (
					"$(inherited)",
					"@executable_path/Frameworks",
				);
				LIBRARY_SEARCH_PATHS = (
					"$(inherited)",
					"$(PROJECT_DIR)/TrackHandSimpleIOS/libs",
				);
				PRODUCT_BUNDLE_IDENTIFIER = tester.TrackHandSimpleIOS;
				PRODUCT_NAME = "$(TARGET_NAME)";
				TARGETED_DEVICE_FAMILY = "1,2";
			};
			name = Debug;
		};
		8E7EB4842289638E00D9E1D9 /* Release */ = {
			isa = XCBuildConfiguration;
			buildSettings = {
				ASSETCATALOG_COMPILER_APPICON_NAME = AppIcon;
				CODE_SIGN_STYLE = Automatic;
				DEVELOPMENT_TEAM = RKHM6TRTWZ;
				ENABLE_BITCODE = NO;
				FRAMEWORK_SEARCH_PATHS = (
					"$(inherited)",
					"$(PROJECT_DIR)",
				);
				HEADER_SEARCH_PATHS = "$(PROJECT_DIR)/TrackHandSimpleIOS/libs";
				INFOPLIST_FILE = TrackHandSimpleIOS/Info.plist;
				LD_RUNPATH_SEARCH_PATHS = (
					"$(inherited)",
					"@executable_path/Frameworks",
				);
				LIBRARY_SEARCH_PATHS = (
					"$(inherited)",
					"$(PROJECT_DIR)/TrackHandSimpleIOS/libs",
				);
				PRODUCT_BUNDLE_IDENTIFIER = tester.TrackHandSimpleIOS;
				PRODUCT_NAME = "$(TARGET_NAME)";
				TARGETED_DEVICE_FAMILY = "1,2";
			};
			name = Release;
		};
/* End XCBuildConfiguration section */

/* Begin XCConfigurationList section */
		8E7EB4672289638B00D9E1D9 /* Build configuration list for PBXProject "TrackHandSimpleIOS" */ = {
			isa = XCConfigurationList;
			buildConfigurations = (
				8E7EB4802289638E00D9E1D9 /* Debug */,
				8E7EB4812289638E00D9E1D9 /* Release */,
			);
			defaultConfigurationIsVisible = 0;
			defaultConfigurationName = Release;
		};
		8E7EB4822289638E00D9E1D9 /* Build configuration list for PBXNativeTarget "TrackHandSimpleIOS" */ = {
			isa = XCConfigurationList;
			buildConfigurations = (
				8E7EB4832289638E00D9E1D9 /* Debug */,
				8E7EB4842289638E00D9E1D9 /* Release */,
			);
			defaultConfigurationIsVisible = 0;
			defaultConfigurationName = Release;
		};
/* End XCConfigurationList section */
	};
	rootObject = 8E7EB4642289638B00D9E1D9 /* Project object */;
}
